
Microsoft Visual Studio Solution File, Format Version 12.00
# Visual Studio Version 16
VisualStudioVersion = 16.0.30523.141
MinimumVisualStudioVersion = 10.0.40219.1
Project("{FAE04EC0-301F-11D3-BF4B-00C04F79EFBC}") = "Klasy", "Klasy\Klasy.csproj", "{95DEB92C-9813-4647-8686-9F0627E11E66}"
EndProject
Global
	GlobalSection(SolutionConfigurationPlatforms) = preSolution
		Debug|Any CPU = Debug|Any CPU
		Release|Any CPU = Release|Any CPU
	EndGlobalSection
	GlobalSection(ProjectConfigurationPlatforms) = postSolution
		{95DEB92C-9813-4647-8686-9F0627E11E66}.Debug|Any CPU.ActiveCfg = Debug|Any CPU
		{95DEB92C-9813-4647-8686-9F0627E11E66}.Debug|Any CPU.Build.0 = Debug|Any CPU
		{95DEB92C-9813-4647-8686-9F0627E11E66}.Release|Any CPU.ActiveCfg = Release|Any CPU
		{95DEB92C-9813-4647-8686-9F0627E11E66}.Release|Any CPU.Build.0 = Release|Any CPU
	EndGlobalSection
	GlobalSection(SolutionProperties) = preSolution
		HideSolutionNode = FALSE
	EndGlobalSection
	GlobalSection(ExtensibilityGlobals) = postSolution
		SolutionGuid = {7B7E5618-094E-4A80-9C98-021234E45857}
	EndGlobalSection
EndGlobal
