
Microsoft Visual Studio Solution File, Format Version 12.00
# Visual Studio Version 16
VisualStudioVersion = 16.0.30523.141
MinimumVisualStudioVersion = 10.0.40219.1
Project("{FAE04EC0-301F-11D3-BF4B-00C04F79EFBC}") = "Region_of_Interest", "Region_of_Interest\Region_of_Interest.csproj", "{4558117D-6B51-4CEA-A518-BB1A047EDE2E}"
EndProject
Global
	GlobalSection(SolutionConfigurationPlatforms) = preSolution
		Debug|Any CPU = Debug|Any CPU
		Release|Any CPU = Release|Any CPU
	EndGlobalSection
	GlobalSection(ProjectConfigurationPlatforms) = postSolution
		{4558117D-6B51-4CEA-A518-BB1A047EDE2E}.Debug|Any CPU.ActiveCfg = Debug|Any CPU
		{4558117D-6B51-4CEA-A518-BB1A047EDE2E}.Debug|Any CPU.Build.0 = Debug|Any CPU
		{4558117D-6B51-4CEA-A518-BB1A047EDE2E}.Release|Any CPU.ActiveCfg = Release|Any CPU
		{4558117D-6B51-4CEA-A518-BB1A047EDE2E}.Release|Any CPU.Build.0 = Release|Any CPU
	EndGlobalSection
	GlobalSection(SolutionProperties) = preSolution
		HideSolutionNode = FALSE
	EndGlobalSection
	GlobalSection(ExtensibilityGlobals) = postSolution
		SolutionGuid = {3273960C-CD92-4DF3-96FF-2E203178AF99}
	EndGlobalSection
EndGlobal
