
Microsoft Visual Studio Solution File, Format Version 12.00
# Visual Studio Version 16
VisualStudioVersion = 16.0.30523.141
MinimumVisualStudioVersion = 10.0.40219.1
Project("{FAE04EC0-301F-11D3-BF4B-00C04F79EFBC}") = "Zad4", "Zad4\Zad4.csproj", "{CDA467B5-95B5-4BBE-8F53-F5DD018BAEE6}"
EndProject
Project("{FAE04EC0-301F-11D3-BF4B-00C04F79EFBC}") = "Zad5", "Zad5\Zad5.csproj", "{59908EB4-1348-479B-80DA-571950B5347D}"
EndProject
Global
	GlobalSection(SolutionConfigurationPlatforms) = preSolution
		Debug|Any CPU = Debug|Any CPU
		Release|Any CPU = Release|Any CPU
	EndGlobalSection
	GlobalSection(ProjectConfigurationPlatforms) = postSolution
		{CDA467B5-95B5-4BBE-8F53-F5DD018BAEE6}.Debug|Any CPU.ActiveCfg = Debug|Any CPU
		{CDA467B5-95B5-4BBE-8F53-F5DD018BAEE6}.Debug|Any CPU.Build.0 = Debug|Any CPU
		{CDA467B5-95B5-4BBE-8F53-F5DD018BAEE6}.Release|Any CPU.ActiveCfg = Release|Any CPU
		{CDA467B5-95B5-4BBE-8F53-F5DD018BAEE6}.Release|Any CPU.Build.0 = Release|Any CPU
		{59908EB4-1348-479B-80DA-571950B5347D}.Debug|Any CPU.ActiveCfg = Debug|Any CPU
		{59908EB4-1348-479B-80DA-571950B5347D}.Debug|Any CPU.Build.0 = Debug|Any CPU
		{59908EB4-1348-479B-80DA-571950B5347D}.Release|Any CPU.ActiveCfg = Release|Any CPU
		{59908EB4-1348-479B-80DA-571950B5347D}.Release|Any CPU.Build.0 = Release|Any CPU
	EndGlobalSection
	GlobalSection(SolutionProperties) = preSolution
		HideSolutionNode = FALSE
	EndGlobalSection
	GlobalSection(ExtensibilityGlobals) = postSolution
		SolutionGuid = {DF42BB83-754B-41D9-99E1-E26A42493EFD}
	EndGlobalSection
EndGlobal
