
Microsoft Visual Studio Solution File, Format Version 12.00
# Visual Studio Version 16
VisualStudioVersion = 16.0.30523.141
MinimumVisualStudioVersion = 10.0.40219.1
Project("{FAE04EC0-301F-11D3-BF4B-00C04F79EFBC}") = "3_Funkcja_zwracajaca_liczbe_zmiennoprzecinkowa", "LAB01\3_Funkcja_zwracajaca_liczbe_zmiennoprzecinkowa.csproj", "{4D283839-C3B2-4603-859A-86A7CDB378DC}"
EndProject
Project("{FAE04EC0-301F-11D3-BF4B-00C04F79EFBC}") = "4_Funkcja_dodajaca_dwie_liczby", "4.Funkcja_dodajaca_dwie_liczby\4_Funkcja_dodajaca_dwie_liczby.csproj", "{E5295293-AFE1-410C-9A77-2A023F037E8B}"
EndProject
Project("{FAE04EC0-301F-11D3-BF4B-00C04F79EFBC}") = "5_Funkcja_obliczajca_wyrazenie", "5_Funkcja_obliczajca_wyrazenie\5_Funkcja_obliczajca_wyrazenie.csproj", "{B7FF406D-C362-4B27-A5BF-8F5DB2553D4F}"
EndProject
Global
	GlobalSection(SolutionConfigurationPlatforms) = preSolution
		Debug|Any CPU = Debug|Any CPU
		Release|Any CPU = Release|Any CPU
	EndGlobalSection
	GlobalSection(ProjectConfigurationPlatforms) = postSolution
		{4D283839-C3B2-4603-859A-86A7CDB378DC}.Debug|Any CPU.ActiveCfg = Debug|Any CPU
		{4D283839-C3B2-4603-859A-86A7CDB378DC}.Debug|Any CPU.Build.0 = Debug|Any CPU
		{4D283839-C3B2-4603-859A-86A7CDB378DC}.Release|Any CPU.ActiveCfg = Release|Any CPU
		{4D283839-C3B2-4603-859A-86A7CDB378DC}.Release|Any CPU.Build.0 = Release|Any CPU
		{E5295293-AFE1-410C-9A77-2A023F037E8B}.Debug|Any CPU.ActiveCfg = Debug|Any CPU
		{E5295293-AFE1-410C-9A77-2A023F037E8B}.Debug|Any CPU.Build.0 = Debug|Any CPU
		{E5295293-AFE1-410C-9A77-2A023F037E8B}.Release|Any CPU.ActiveCfg = Release|Any CPU
		{E5295293-AFE1-410C-9A77-2A023F037E8B}.Release|Any CPU.Build.0 = Release|Any CPU
		{B7FF406D-C362-4B27-A5BF-8F5DB2553D4F}.Debug|Any CPU.ActiveCfg = Debug|Any CPU
		{B7FF406D-C362-4B27-A5BF-8F5DB2553D4F}.Debug|Any CPU.Build.0 = Debug|Any CPU
		{B7FF406D-C362-4B27-A5BF-8F5DB2553D4F}.Release|Any CPU.ActiveCfg = Release|Any CPU
		{B7FF406D-C362-4B27-A5BF-8F5DB2553D4F}.Release|Any CPU.Build.0 = Release|Any CPU
	EndGlobalSection
	GlobalSection(SolutionProperties) = preSolution
		HideSolutionNode = FALSE
	EndGlobalSection
	GlobalSection(ExtensibilityGlobals) = postSolution
		SolutionGuid = {D8E574C1-7176-4E37-8FE7-C96BF4561F46}
	EndGlobalSection
EndGlobal
