
Microsoft Visual Studio Solution File, Format Version 12.00
# Visual Studio Version 16
VisualStudioVersion = 16.0.30523.141
MinimumVisualStudioVersion = 10.0.40219.1
Project("{9A19103F-16F7-4668-BE54-9A1E7A4F7556}") = "Liczba", "Liczba\Liczba.csproj", "{B1D34155-33F5-4789-80CB-115EC25CF8D9}"
EndProject
Project("{FAE04EC0-301F-11D3-BF4B-00C04F79EFBC}") = "Metody", "Metody\Metody.csproj", "{3101F343-E943-417B-AD75-D5F8CDCF475E}"
EndProject
Project("{FAE04EC0-301F-11D3-BF4B-00C04F79EFBC}") = "Macierz", "Macierz\Macierz.csproj", "{632A3F41-AEFD-4CC9-883F-08BFF9394940}"
EndProject
Global
	GlobalSection(SolutionConfigurationPlatforms) = preSolution
		Debug|Any CPU = Debug|Any CPU
		Release|Any CPU = Release|Any CPU
	EndGlobalSection
	GlobalSection(ProjectConfigurationPlatforms) = postSolution
		{B1D34155-33F5-4789-80CB-115EC25CF8D9}.Debug|Any CPU.ActiveCfg = Debug|Any CPU
		{B1D34155-33F5-4789-80CB-115EC25CF8D9}.Debug|Any CPU.Build.0 = Debug|Any CPU
		{B1D34155-33F5-4789-80CB-115EC25CF8D9}.Release|Any CPU.ActiveCfg = Release|Any CPU
		{B1D34155-33F5-4789-80CB-115EC25CF8D9}.Release|Any CPU.Build.0 = Release|Any CPU
		{3101F343-E943-417B-AD75-D5F8CDCF475E}.Debug|Any CPU.ActiveCfg = Debug|Any CPU
		{3101F343-E943-417B-AD75-D5F8CDCF475E}.Debug|Any CPU.Build.0 = Debug|Any CPU
		{3101F343-E943-417B-AD75-D5F8CDCF475E}.Release|Any CPU.ActiveCfg = Release|Any CPU
		{3101F343-E943-417B-AD75-D5F8CDCF475E}.Release|Any CPU.Build.0 = Release|Any CPU
		{632A3F41-AEFD-4CC9-883F-08BFF9394940}.Debug|Any CPU.ActiveCfg = Debug|Any CPU
		{632A3F41-AEFD-4CC9-883F-08BFF9394940}.Debug|Any CPU.Build.0 = Debug|Any CPU
		{632A3F41-AEFD-4CC9-883F-08BFF9394940}.Release|Any CPU.ActiveCfg = Release|Any CPU
		{632A3F41-AEFD-4CC9-883F-08BFF9394940}.Release|Any CPU.Build.0 = Release|Any CPU
	EndGlobalSection
	GlobalSection(SolutionProperties) = preSolution
		HideSolutionNode = FALSE
	EndGlobalSection
	GlobalSection(ExtensibilityGlobals) = postSolution
		SolutionGuid = {054C79D4-C97F-4C1D-992F-675FB275A514}
	EndGlobalSection
EndGlobal
