
Microsoft Visual Studio Solution File, Format Version 12.00
# Visual Studio Version 16
VisualStudioVersion = 16.0.30523.141
MinimumVisualStudioVersion = 10.0.40219.1
Project("{9A19103F-16F7-4668-BE54-9A1E7A4F7556}") = "1_Zwroc_Pierwszy", "1_Zwroc_Pierwszy\1_Zwroc_Pierwszy.csproj", "{85423FEB-680E-4337-B6DA-A368B779A0F3}"
EndProject
Project("{9A19103F-16F7-4668-BE54-9A1E7A4F7556}") = "2_Zwroc_ostatni", "2_Zwroc_ostatni\2_Zwroc_ostatni.csproj", "{7CA28A26-1DFD-4EBC-8405-0A787C34C59F}"
EndProject
Project("{9A19103F-16F7-4668-BE54-9A1E7A4F7556}") = "3_Zwroc_ostatni_indeks", "3_Zwroc_ostatni_indeks\3_Zwroc_ostatni_indeks.csproj", "{0239F29C-CF0C-422A-8911-B7FE9E3D8B21}"
EndProject
Project("{9A19103F-16F7-4668-BE54-9A1E7A4F7556}") = "4_Suma", "4_Suma\4_Suma.csproj", "{429FF437-2B06-4A8D-8CED-9992C1281330}"
EndProject
Project("{9A19103F-16F7-4668-BE54-9A1E7A4F7556}") = "5_Suma_kwadratow", "5_Suma_kwadratow\5_Suma_kwadratow.csproj", "{6B1D0406-C11C-4AB0-81D9-2E3C7F4D823C}"
EndProject
Project("{9A19103F-16F7-4668-BE54-9A1E7A4F7556}") = "6_Srednia1", "6_Srednia1\6_Srednia1.csproj", "{39B55625-5130-4B26-8B49-6FE30A9BC993}"
EndProject
Project("{9A19103F-16F7-4668-BE54-9A1E7A4F7556}") = "7_Srednia2", "7_Srednia2\7_Srednia2.csproj", "{BCEF3317-00E5-4AC4-93BF-2E50506BF51C}"
EndProject
Project("{9A19103F-16F7-4668-BE54-9A1E7A4F7556}") = "8_Czy_jest", "8_Czy_jest\8_Czy_jest.csproj", "{B784064C-8B1A-4B7D-AEF3-911BCFB7ABAC}"
EndProject
Project("{9A19103F-16F7-4668-BE54-9A1E7A4F7556}") = "9_Suma_nieparzystych", "9_Suma_nieparzystych\9_Suma_nieparzystych.csproj", "{EBD01FA6-C6D8-4FB8-815B-2DA90A1DC9F4}"
EndProject
Project("{FAE04EC0-301F-11D3-BF4B-00C04F79EFBC}") = "P1_char_napis", "P1_char_napis\P1_char_napis.csproj", "{813AE6F9-CDD6-448D-8672-9CDA0CB3B3E9}"
EndProject
Project("{FAE04EC0-301F-11D3-BF4B-00C04F79EFBC}") = "P3_Najwieksza", "P3_Najwieksza\P3_Najwieksza.csproj", "{C7B63FBE-8A30-4121-8F27-54EB0D04022C}"
EndProject
Global
	GlobalSection(SolutionConfigurationPlatforms) = preSolution
		Debug|Any CPU = Debug|Any CPU
		Release|Any CPU = Release|Any CPU
	EndGlobalSection
	GlobalSection(ProjectConfigurationPlatforms) = postSolution
		{85423FEB-680E-4337-B6DA-A368B779A0F3}.Debug|Any CPU.ActiveCfg = Debug|Any CPU
		{85423FEB-680E-4337-B6DA-A368B779A0F3}.Debug|Any CPU.Build.0 = Debug|Any CPU
		{85423FEB-680E-4337-B6DA-A368B779A0F3}.Release|Any CPU.ActiveCfg = Release|Any CPU
		{85423FEB-680E-4337-B6DA-A368B779A0F3}.Release|Any CPU.Build.0 = Release|Any CPU
		{7CA28A26-1DFD-4EBC-8405-0A787C34C59F}.Debug|Any CPU.ActiveCfg = Debug|Any CPU
		{7CA28A26-1DFD-4EBC-8405-0A787C34C59F}.Debug|Any CPU.Build.0 = Debug|Any CPU
		{7CA28A26-1DFD-4EBC-8405-0A787C34C59F}.Release|Any CPU.ActiveCfg = Release|Any CPU
		{7CA28A26-1DFD-4EBC-8405-0A787C34C59F}.Release|Any CPU.Build.0 = Release|Any CPU
		{0239F29C-CF0C-422A-8911-B7FE9E3D8B21}.Debug|Any CPU.ActiveCfg = Debug|Any CPU
		{0239F29C-CF0C-422A-8911-B7FE9E3D8B21}.Debug|Any CPU.Build.0 = Debug|Any CPU
		{0239F29C-CF0C-422A-8911-B7FE9E3D8B21}.Release|Any CPU.ActiveCfg = Release|Any CPU
		{0239F29C-CF0C-422A-8911-B7FE9E3D8B21}.Release|Any CPU.Build.0 = Release|Any CPU
		{429FF437-2B06-4A8D-8CED-9992C1281330}.Debug|Any CPU.ActiveCfg = Debug|Any CPU
		{429FF437-2B06-4A8D-8CED-9992C1281330}.Debug|Any CPU.Build.0 = Debug|Any CPU
		{429FF437-2B06-4A8D-8CED-9992C1281330}.Release|Any CPU.ActiveCfg = Release|Any CPU
		{429FF437-2B06-4A8D-8CED-9992C1281330}.Release|Any CPU.Build.0 = Release|Any CPU
		{6B1D0406-C11C-4AB0-81D9-2E3C7F4D823C}.Debug|Any CPU.ActiveCfg = Debug|Any CPU
		{6B1D0406-C11C-4AB0-81D9-2E3C7F4D823C}.Debug|Any CPU.Build.0 = Debug|Any CPU
		{6B1D0406-C11C-4AB0-81D9-2E3C7F4D823C}.Release|Any CPU.ActiveCfg = Release|Any CPU
		{6B1D0406-C11C-4AB0-81D9-2E3C7F4D823C}.Release|Any CPU.Build.0 = Release|Any CPU
		{39B55625-5130-4B26-8B49-6FE30A9BC993}.Debug|Any CPU.ActiveCfg = Debug|Any CPU
		{39B55625-5130-4B26-8B49-6FE30A9BC993}.Debug|Any CPU.Build.0 = Debug|Any CPU
		{39B55625-5130-4B26-8B49-6FE30A9BC993}.Release|Any CPU.ActiveCfg = Release|Any CPU
		{39B55625-5130-4B26-8B49-6FE30A9BC993}.Release|Any CPU.Build.0 = Release|Any CPU
		{BCEF3317-00E5-4AC4-93BF-2E50506BF51C}.Debug|Any CPU.ActiveCfg = Debug|Any CPU
		{BCEF3317-00E5-4AC4-93BF-2E50506BF51C}.Debug|Any CPU.Build.0 = Debug|Any CPU
		{BCEF3317-00E5-4AC4-93BF-2E50506BF51C}.Release|Any CPU.ActiveCfg = Release|Any CPU
		{BCEF3317-00E5-4AC4-93BF-2E50506BF51C}.Release|Any CPU.Build.0 = Release|Any CPU
		{B784064C-8B1A-4B7D-AEF3-911BCFB7ABAC}.Debug|Any CPU.ActiveCfg = Debug|Any CPU
		{B784064C-8B1A-4B7D-AEF3-911BCFB7ABAC}.Debug|Any CPU.Build.0 = Debug|Any CPU
		{B784064C-8B1A-4B7D-AEF3-911BCFB7ABAC}.Release|Any CPU.ActiveCfg = Release|Any CPU
		{B784064C-8B1A-4B7D-AEF3-911BCFB7ABAC}.Release|Any CPU.Build.0 = Release|Any CPU
		{EBD01FA6-C6D8-4FB8-815B-2DA90A1DC9F4}.Debug|Any CPU.ActiveCfg = Debug|Any CPU
		{EBD01FA6-C6D8-4FB8-815B-2DA90A1DC9F4}.Debug|Any CPU.Build.0 = Debug|Any CPU
		{EBD01FA6-C6D8-4FB8-815B-2DA90A1DC9F4}.Release|Any CPU.ActiveCfg = Release|Any CPU
		{EBD01FA6-C6D8-4FB8-815B-2DA90A1DC9F4}.Release|Any CPU.Build.0 = Release|Any CPU
		{813AE6F9-CDD6-448D-8672-9CDA0CB3B3E9}.Debug|Any CPU.ActiveCfg = Debug|Any CPU
		{813AE6F9-CDD6-448D-8672-9CDA0CB3B3E9}.Debug|Any CPU.Build.0 = Debug|Any CPU
		{813AE6F9-CDD6-448D-8672-9CDA0CB3B3E9}.Release|Any CPU.ActiveCfg = Release|Any CPU
		{813AE6F9-CDD6-448D-8672-9CDA0CB3B3E9}.Release|Any CPU.Build.0 = Release|Any CPU
		{C7B63FBE-8A30-4121-8F27-54EB0D04022C}.Debug|Any CPU.ActiveCfg = Debug|Any CPU
		{C7B63FBE-8A30-4121-8F27-54EB0D04022C}.Debug|Any CPU.Build.0 = Debug|Any CPU
		{C7B63FBE-8A30-4121-8F27-54EB0D04022C}.Release|Any CPU.ActiveCfg = Release|Any CPU
		{C7B63FBE-8A30-4121-8F27-54EB0D04022C}.Release|Any CPU.Build.0 = Release|Any CPU
	EndGlobalSection
	GlobalSection(SolutionProperties) = preSolution
		HideSolutionNode = FALSE
	EndGlobalSection
	GlobalSection(ExtensibilityGlobals) = postSolution
		SolutionGuid = {33C8D727-EE00-4B7E-99EC-C4D41F62559C}
	EndGlobalSection
EndGlobal
