
Microsoft Visual Studio Solution File, Format Version 12.00
# Visual Studio Version 16
VisualStudioVersion = 16.0.30523.141
MinimumVisualStudioVersion = 10.0.40219.1
Project("{FAE04EC0-301F-11D3-BF4B-00C04F79EFBC}") = "ROBOT", "ROBOT\ROBOT.csproj", "{8B32C7D0-60AA-4508-93B9-0D27FB28021C}"
EndProject
Global
	GlobalSection(SolutionConfigurationPlatforms) = preSolution
		Debug|Any CPU = Debug|Any CPU
		Release|Any CPU = Release|Any CPU
	EndGlobalSection
	GlobalSection(ProjectConfigurationPlatforms) = postSolution
		{8B32C7D0-60AA-4508-93B9-0D27FB28021C}.Debug|Any CPU.ActiveCfg = Debug|Any CPU
		{8B32C7D0-60AA-4508-93B9-0D27FB28021C}.Debug|Any CPU.Build.0 = Debug|Any CPU
		{8B32C7D0-60AA-4508-93B9-0D27FB28021C}.Release|Any CPU.ActiveCfg = Release|Any CPU
		{8B32C7D0-60AA-4508-93B9-0D27FB28021C}.Release|Any CPU.Build.0 = Release|Any CPU
	EndGlobalSection
	GlobalSection(SolutionProperties) = preSolution
		HideSolutionNode = FALSE
	EndGlobalSection
	GlobalSection(ExtensibilityGlobals) = postSolution
		SolutionGuid = {B4A32E61-1934-45C5-81AE-055B65FF7B7D}
	EndGlobalSection
EndGlobal
