
Microsoft Visual Studio Solution File, Format Version 12.00
# Visual Studio Version 16
VisualStudioVersion = 16.0.30523.141
MinimumVisualStudioVersion = 10.0.40219.1
Project("{FAE04EC0-301F-11D3-BF4B-00C04F79EFBC}") = "Operacje_bitowe", "Operacje_bitowe\Operacje_bitowe.csproj", "{468B9234-AC9D-4B40-AF63-A895239499EC}"
EndProject
Global
	GlobalSection(SolutionConfigurationPlatforms) = preSolution
		Debug|Any CPU = Debug|Any CPU
		Release|Any CPU = Release|Any CPU
	EndGlobalSection
	GlobalSection(ProjectConfigurationPlatforms) = postSolution
		{468B9234-AC9D-4B40-AF63-A895239499EC}.Debug|Any CPU.ActiveCfg = Debug|Any CPU
		{468B9234-AC9D-4B40-AF63-A895239499EC}.Debug|Any CPU.Build.0 = Debug|Any CPU
		{468B9234-AC9D-4B40-AF63-A895239499EC}.Release|Any CPU.ActiveCfg = Release|Any CPU
		{468B9234-AC9D-4B40-AF63-A895239499EC}.Release|Any CPU.Build.0 = Release|Any CPU
	EndGlobalSection
	GlobalSection(SolutionProperties) = preSolution
		HideSolutionNode = FALSE
	EndGlobalSection
	GlobalSection(ExtensibilityGlobals) = postSolution
		SolutionGuid = {7E3C7919-CEA2-467E-8378-EEC91AF400CB}
	EndGlobalSection
EndGlobal
